
Microsoft Visual Studio Solution File, Format Version 12.00
# Visual Studio Version 17
VisualStudioVersion = 17.8.34322.80
MinimumVisualStudioVersion = 10.0.40219.1
Project("{FAE04EC0-301F-11D3-BF4B-00C04F79EFBC}") = "prog3_practica_08", "prog3_practica_08\prog3_practica_08.csproj", "{6632DE2E-9A40-42E7-8DD7-A2649CAE8926}"
EndProject
Global
	GlobalSection(SolutionConfigurationPlatforms) = preSolution
		Debug|Any CPU = Debug|Any CPU
		Release|Any CPU = Release|Any CPU
	EndGlobalSection
	GlobalSection(ProjectConfigurationPlatforms) = postSolution
		{6632DE2E-9A40-42E7-8DD7-A2649CAE8926}.Debug|Any CPU.ActiveCfg = Debug|Any CPU
		{6632DE2E-9A40-42E7-8DD7-A2649CAE8926}.Debug|Any CPU.Build.0 = Debug|Any CPU
		{6632DE2E-9A40-42E7-8DD7-A2649CAE8926}.Release|Any CPU.ActiveCfg = Release|Any CPU
		{6632DE2E-9A40-42E7-8DD7-A2649CAE8926}.Release|Any CPU.Build.0 = Release|Any CPU
	EndGlobalSection
	GlobalSection(SolutionProperties) = preSolution
		HideSolutionNode = FALSE
	EndGlobalSection
	GlobalSection(ExtensibilityGlobals) = postSolution
		SolutionGuid = {58A03B13-4BBA-4C21-96B5-FFDC735F5A3B}
	EndGlobalSection
EndGlobal
